
Microsoft Visual Studio Solution File, Format Version 12.00
# Visual Studio Version 16
VisualStudioVersion = 16.0.29326.143
MinimumVisualStudioVersion = 10.0.40219.1
Project("{FAE04EC0-301F-11D3-BF4B-00C04F79EFBC}") = "Open-Lab-01.1", "Open-Lab-01.1\Open-Lab-01.1.csproj", "{362DA832-FD88-431A-A18F-ADA96B61F340}"
EndProject
Global
	GlobalSection(SolutionConfigurationPlatforms) = preSolution
		Debug|Any CPU = Debug|Any CPU
		Release|Any CPU = Release|Any CPU
	EndGlobalSection
	GlobalSection(ProjectConfigurationPlatforms) = postSolution
		{362DA832-FD88-431A-A18F-ADA96B61F340}.Debug|Any CPU.ActiveCfg = Debug|Any CPU
		{362DA832-FD88-431A-A18F-ADA96B61F340}.Debug|Any CPU.Build.0 = Debug|Any CPU
		{362DA832-FD88-431A-A18F-ADA96B61F340}.Release|Any CPU.ActiveCfg = Release|Any CPU
		{362DA832-FD88-431A-A18F-ADA96B61F340}.Release|Any CPU.Build.0 = Release|Any CPU
	EndGlobalSection
	GlobalSection(SolutionProperties) = preSolution
		HideSolutionNode = FALSE
	EndGlobalSection
	GlobalSection(ExtensibilityGlobals) = postSolution
		SolutionGuid = {8A8835D3-24B8-4351-BB04-E51C73D9A329}
	EndGlobalSection
EndGlobal
